
Microsoft Visual Studio Solution File, Format Version 12.00
# Visual Studio Version 17
VisualStudioVersion = 17.8.34330.188
MinimumVisualStudioVersion = 10.0.40219.1
Project("{FAE04EC0-301F-11D3-BF4B-00C04F79EFBC}") = "StaticClasses", "StaticClasses\StaticClasses.csproj", "{F675FA06-8C52-49B9-9DE5-05CB3ED8E90E}"
EndProject
Project("{FAE04EC0-301F-11D3-BF4B-00C04F79EFBC}") = "StaticClasses.Domain", "StaticClasses.Domain\StaticClasses.Domain.csproj", "{C448C490-3020-42A6-BD53-E2543A34C69F}"
EndProject
Global
	GlobalSection(SolutionConfigurationPlatforms) = preSolution
		Debug|Any CPU = Debug|Any CPU
		Release|Any CPU = Release|Any CPU
	EndGlobalSection
	GlobalSection(ProjectConfigurationPlatforms) = postSolution
		{F675FA06-8C52-49B9-9DE5-05CB3ED8E90E}.Debug|Any CPU.ActiveCfg = Debug|Any CPU
		{F675FA06-8C52-49B9-9DE5-05CB3ED8E90E}.Debug|Any CPU.Build.0 = Debug|Any CPU
		{F675FA06-8C52-49B9-9DE5-05CB3ED8E90E}.Release|Any CPU.ActiveCfg = Release|Any CPU
		{F675FA06-8C52-49B9-9DE5-05CB3ED8E90E}.Release|Any CPU.Build.0 = Release|Any CPU
		{C448C490-3020-42A6-BD53-E2543A34C69F}.Debug|Any CPU.ActiveCfg = Debug|Any CPU
		{C448C490-3020-42A6-BD53-E2543A34C69F}.Debug|Any CPU.Build.0 = Debug|Any CPU
		{C448C490-3020-42A6-BD53-E2543A34C69F}.Release|Any CPU.ActiveCfg = Release|Any CPU
		{C448C490-3020-42A6-BD53-E2543A34C69F}.Release|Any CPU.Build.0 = Release|Any CPU
	EndGlobalSection
	GlobalSection(SolutionProperties) = preSolution
		HideSolutionNode = FALSE
	EndGlobalSection
	GlobalSection(ExtensibilityGlobals) = postSolution
		SolutionGuid = {B2FADB87-7B2E-4008-9C3E-0C0E438C4389}
	EndGlobalSection
EndGlobal
