
Microsoft Visual Studio Solution File, Format Version 12.00
# Visual Studio Version 17
VisualStudioVersion = 17.8.34330.188
MinimumVisualStudioVersion = 10.0.40219.1
Project("{FAE04EC0-301F-11D3-BF4B-00C04F79EFBC}") = "JsonDb", "JsonDb\JsonDb.csproj", "{EEB6906F-985C-4FD4-8625-F0D4F310EACF}"
EndProject
Project("{FAE04EC0-301F-11D3-BF4B-00C04F79EFBC}") = "AdoNet", "AdoNet\AdoNet.csproj", "{9EDC88E0-1C20-4CC9-B39C-CCD79C7EA7C8}"
EndProject
Global
	GlobalSection(SolutionConfigurationPlatforms) = preSolution
		Debug|Any CPU = Debug|Any CPU
		Release|Any CPU = Release|Any CPU
	EndGlobalSection
	GlobalSection(ProjectConfigurationPlatforms) = postSolution
		{EEB6906F-985C-4FD4-8625-F0D4F310EACF}.Debug|Any CPU.ActiveCfg = Debug|Any CPU
		{EEB6906F-985C-4FD4-8625-F0D4F310EACF}.Debug|Any CPU.Build.0 = Debug|Any CPU
		{EEB6906F-985C-4FD4-8625-F0D4F310EACF}.Release|Any CPU.ActiveCfg = Release|Any CPU
		{EEB6906F-985C-4FD4-8625-F0D4F310EACF}.Release|Any CPU.Build.0 = Release|Any CPU
		{9EDC88E0-1C20-4CC9-B39C-CCD79C7EA7C8}.Debug|Any CPU.ActiveCfg = Debug|Any CPU
		{9EDC88E0-1C20-4CC9-B39C-CCD79C7EA7C8}.Debug|Any CPU.Build.0 = Debug|Any CPU
		{9EDC88E0-1C20-4CC9-B39C-CCD79C7EA7C8}.Release|Any CPU.ActiveCfg = Release|Any CPU
		{9EDC88E0-1C20-4CC9-B39C-CCD79C7EA7C8}.Release|Any CPU.Build.0 = Release|Any CPU
	EndGlobalSection
	GlobalSection(SolutionProperties) = preSolution
		HideSolutionNode = FALSE
	EndGlobalSection
	GlobalSection(ExtensibilityGlobals) = postSolution
		SolutionGuid = {49E59A82-1988-45F9-917D-0389D37BEFC2}
	EndGlobalSection
EndGlobal
