
Microsoft Visual Studio Solution File, Format Version 12.00
# Visual Studio Version 17
VisualStudioVersion = 17.14.36202.13 d17.14
MinimumVisualStudioVersion = 10.0.40219.1
Project("{FAE04EC0-301F-11D3-BF4B-00C04F79EFBC}") = "Avenga.OopAdv.Class08.RecapLinq", "Avenga.OopAdv.Class08.RecapLinq\Avenga.OopAdv.Class08.RecapLinq.csproj", "{44C2E861-0367-4FD2-B068-EF7E99793CF6}"
EndProject
Project("{FAE04EC0-301F-11D3-BF4B-00C04F79EFBC}") = "Avenga.OopAdv.Class08.Delegates", "Avenga.OopAdv.Class08.Delegates\Avenga.OopAdv.Class08.Delegates.csproj", "{DE922682-D2F5-4B04-955C-4138996EDE08}"
EndProject
Project("{FAE04EC0-301F-11D3-BF4B-00C04F79EFBC}") = "Avenga.OopAdv.Class08.MoreDelegates", "Avenga.OopAdv.Class08.MoreDelegates\Avenga.OopAdv.Class08.MoreDelegates.csproj", "{FE7D02B4-F1B5-427C-BFC2-377E684B7689}"
EndProject
Project("{FAE04EC0-301F-11D3-BF4B-00C04F79EFBC}") = "Avenga.OopAdv.Class08.EventsPublSub", "Avenga.OopAdv.Class08.EventsPublSub\Avenga.OopAdv.Class08.EventsPublSub.csproj", "{DCABC665-C7B6-46E9-8967-AFFA0A4FDD91}"
EndProject
Global
	GlobalSection(SolutionConfigurationPlatforms) = preSolution
		Debug|Any CPU = Debug|Any CPU
		Release|Any CPU = Release|Any CPU
	EndGlobalSection
	GlobalSection(ProjectConfigurationPlatforms) = postSolution
		{44C2E861-0367-4FD2-B068-EF7E99793CF6}.Debug|Any CPU.ActiveCfg = Debug|Any CPU
		{44C2E861-0367-4FD2-B068-EF7E99793CF6}.Debug|Any CPU.Build.0 = Debug|Any CPU
		{44C2E861-0367-4FD2-B068-EF7E99793CF6}.Release|Any CPU.ActiveCfg = Release|Any CPU
		{44C2E861-0367-4FD2-B068-EF7E99793CF6}.Release|Any CPU.Build.0 = Release|Any CPU
		{DE922682-D2F5-4B04-955C-4138996EDE08}.Debug|Any CPU.ActiveCfg = Debug|Any CPU
		{DE922682-D2F5-4B04-955C-4138996EDE08}.Debug|Any CPU.Build.0 = Debug|Any CPU
		{DE922682-D2F5-4B04-955C-4138996EDE08}.Release|Any CPU.ActiveCfg = Release|Any CPU
		{DE922682-D2F5-4B04-955C-4138996EDE08}.Release|Any CPU.Build.0 = Release|Any CPU
		{FE7D02B4-F1B5-427C-BFC2-377E684B7689}.Debug|Any CPU.ActiveCfg = Debug|Any CPU
		{FE7D02B4-F1B5-427C-BFC2-377E684B7689}.Debug|Any CPU.Build.0 = Debug|Any CPU
		{FE7D02B4-F1B5-427C-BFC2-377E684B7689}.Release|Any CPU.ActiveCfg = Release|Any CPU
		{FE7D02B4-F1B5-427C-BFC2-377E684B7689}.Release|Any CPU.Build.0 = Release|Any CPU
		{DCABC665-C7B6-46E9-8967-AFFA0A4FDD91}.Debug|Any CPU.ActiveCfg = Debug|Any CPU
		{DCABC665-C7B6-46E9-8967-AFFA0A4FDD91}.Debug|Any CPU.Build.0 = Debug|Any CPU
		{DCABC665-C7B6-46E9-8967-AFFA0A4FDD91}.Release|Any CPU.ActiveCfg = Release|Any CPU
		{DCABC665-C7B6-46E9-8967-AFFA0A4FDD91}.Release|Any CPU.Build.0 = Release|Any CPU
	EndGlobalSection
	GlobalSection(SolutionProperties) = preSolution
		HideSolutionNode = FALSE
	EndGlobalSection
	GlobalSection(ExtensibilityGlobals) = postSolution
		SolutionGuid = {0230D6AF-51CD-4B44-8D8A-15B41856CB39}
	EndGlobalSection
EndGlobal
